
Microsoft Visual Studio Solution File, Format Version 12.00
# Visual Studio Version 17
VisualStudioVersion = 17.1.32203.90
MinimumVisualStudioVersion = 10.0.40219.1
Project("{9A19103F-16F7-4668-BE54-9A1E7A4F7556}") = "Vulkanoid", "source\Vulkanoid.csproj", "{06DB6C02-D0E5-4537-A90A-F035A98B5D8E}"
EndProject
Project("{2150E333-8FDC-42A3-9474-1A3956D46DE8}") = "samples", "samples", "{BC73F324-2DD7-4A0A-997A-AEA856CC2D21}"
EndProject
Project("{2150E333-8FDC-42A3-9474-1A3956D46DE8}") = "tests", "tests", "{76E43C1D-4637-48AE-BF21-1903DC9AF373}"
EndProject
Project("{9A19103F-16F7-4668-BE54-9A1E7A4F7556}") = "Vulkanoid.Generators", "codegen\Vulkanoid.Generators.csproj", "{BA07AC5B-3D29-46D9-83B0-A14C7588BEFE}"
EndProject
Project("{9A19103F-16F7-4668-BE54-9A1E7A4F7556}") = "Vulkanoid.Tests", "tests\Vulkanoid.Tests.csproj", "{9A96C0A1-9C68-467B-9DFC-FA578D7B3CD9}"
EndProject
Project("{2150E333-8FDC-42A3-9474-1A3956D46DE8}") = "_solution", "_solution", "{456A214D-AA85-4302-BC6C-521AB8155BB5}"
	ProjectSection(SolutionItems) = preProject
		.editorconfig = .editorconfig
		.gitignore = .gitignore
		directory.build.props = directory.build.props
		license = license
		readme.md = readme.md
	EndProjectSection
EndProject
Project("{9A19103F-16F7-4668-BE54-9A1E7A4F7556}") = "Vulkanoid.Sample.Vulkan", "samples\vulkan\Vulkanoid.Sample.Vulkan.csproj", "{1E8414BA-F975-4730-8C42-D125DF939DBF}"
EndProject
Project("{9A19103F-16F7-4668-BE54-9A1E7A4F7556}") = "Vulkanoid.Sample.DirectX", "samples\directx\Vulkanoid.Sample.DirectX.csproj", "{9BF46A39-F2FE-4A91-BAEF-50EABB981698}"
EndProject
Global
	GlobalSection(SolutionConfigurationPlatforms) = preSolution
		Debug|x64 = Debug|x64
		Release|x64 = Release|x64
	EndGlobalSection
	GlobalSection(ProjectConfigurationPlatforms) = postSolution
		{06DB6C02-D0E5-4537-A90A-F035A98B5D8E}.Debug|x64.ActiveCfg = Debug|x64
		{06DB6C02-D0E5-4537-A90A-F035A98B5D8E}.Debug|x64.Build.0 = Debug|x64
		{06DB6C02-D0E5-4537-A90A-F035A98B5D8E}.Release|x64.ActiveCfg = Release|x64
		{06DB6C02-D0E5-4537-A90A-F035A98B5D8E}.Release|x64.Build.0 = Release|x64
		{BA07AC5B-3D29-46D9-83B0-A14C7588BEFE}.Debug|x64.ActiveCfg = Debug|x64
		{BA07AC5B-3D29-46D9-83B0-A14C7588BEFE}.Debug|x64.Build.0 = Debug|x64
		{BA07AC5B-3D29-46D9-83B0-A14C7588BEFE}.Release|x64.ActiveCfg = Release|x64
		{BA07AC5B-3D29-46D9-83B0-A14C7588BEFE}.Release|x64.Build.0 = Release|x64
		{9A96C0A1-9C68-467B-9DFC-FA578D7B3CD9}.Debug|x64.ActiveCfg = Debug|x64
		{9A96C0A1-9C68-467B-9DFC-FA578D7B3CD9}.Debug|x64.Build.0 = Debug|x64
		{9A96C0A1-9C68-467B-9DFC-FA578D7B3CD9}.Release|x64.ActiveCfg = Release|x64
		{9A96C0A1-9C68-467B-9DFC-FA578D7B3CD9}.Release|x64.Build.0 = Release|x64
		{1E8414BA-F975-4730-8C42-D125DF939DBF}.Debug|x64.ActiveCfg = Debug|x64
		{1E8414BA-F975-4730-8C42-D125DF939DBF}.Debug|x64.Build.0 = Debug|x64
		{1E8414BA-F975-4730-8C42-D125DF939DBF}.Release|x64.ActiveCfg = Release|x64
		{1E8414BA-F975-4730-8C42-D125DF939DBF}.Release|x64.Build.0 = Release|x64
		{9BF46A39-F2FE-4A91-BAEF-50EABB981698}.Debug|x64.ActiveCfg = Debug|x64
		{9BF46A39-F2FE-4A91-BAEF-50EABB981698}.Debug|x64.Build.0 = Debug|x64
		{9BF46A39-F2FE-4A91-BAEF-50EABB981698}.Release|x64.ActiveCfg = Release|x64
		{9BF46A39-F2FE-4A91-BAEF-50EABB981698}.Release|x64.Build.0 = Release|x64
	EndGlobalSection
	GlobalSection(SolutionProperties) = preSolution
		HideSolutionNode = FALSE
	EndGlobalSection
	GlobalSection(NestedProjects) = preSolution
		{9A96C0A1-9C68-467B-9DFC-FA578D7B3CD9} = {76E43C1D-4637-48AE-BF21-1903DC9AF373}
		{1E8414BA-F975-4730-8C42-D125DF939DBF} = {BC73F324-2DD7-4A0A-997A-AEA856CC2D21}
		{9BF46A39-F2FE-4A91-BAEF-50EABB981698} = {BC73F324-2DD7-4A0A-997A-AEA856CC2D21}
	EndGlobalSection
	GlobalSection(ExtensibilityGlobals) = postSolution
		SolutionGuid = {69E82546-BB1D-4D20-962E-CE7DA52FD915}
	EndGlobalSection
EndGlobal
